
Microsoft Visual Studio Solution File, Format Version 12.00
# Visual Studio Version 17
VisualStudioVersion = 17.5.33516.290
MinimumVisualStudioVersion = 10.0.40219.1
Project("{FAE04EC0-301F-11D3-BF4B-00C04F79EFBC}") = "CorpsInventoryManagementSystem", "CorpsInventoryManagementSystem.csproj", "{1567B3EA-0307-41D5-B696-9635FD751EDE}"
EndProject
Global
	GlobalSection(SolutionConfigurationPlatforms) = preSolution
		Debug|Any CPU = Debug|Any CPU
		Release|Any CPU = Release|Any CPU
	EndGlobalSection
	GlobalSection(ProjectConfigurationPlatforms) = postSolution
		{1567B3EA-0307-41D5-B696-9635FD751EDE}.Debug|Any CPU.ActiveCfg = Debug|Any CPU
		{1567B3EA-0307-41D5-B696-9635FD751EDE}.Debug|Any CPU.Build.0 = Debug|Any CPU
		{1567B3EA-0307-41D5-B696-9635FD751EDE}.Release|Any CPU.ActiveCfg = Release|Any CPU
		{1567B3EA-0307-41D5-B696-9635FD751EDE}.Release|Any CPU.Build.0 = Release|Any CPU
	EndGlobalSection
	GlobalSection(SolutionProperties) = preSolution
		HideSolutionNode = FALSE
	EndGlobalSection
	GlobalSection(ExtensibilityGlobals) = postSolution
		SolutionGuid = {5796B2AA-B24A-4995-A419-0F22BA9F2145}
	EndGlobalSection
EndGlobal
